
Microsoft Visual Studio Solution File, Format Version 12.00
# Visual Studio 15
VisualStudioVersion = 15.0.28010.2026
MinimumVisualStudioVersion = 10.0.40219.1
Project("{8BC9CEB8-8B4A-11D0-8D11-00A0C91BC942}") = "DataStructureC++", "DataStructureC++\DataStructureC++.vcxproj", "{70633C67-7F69-4488-B049-205E7DC49888}"
EndProject
Global
	GlobalSection(SolutionConfigurationPlatforms) = preSolution
		Debug|x64 = Debug|x64
		Debug|x86 = Debug|x86
		Release|x64 = Release|x64
		Release|x86 = Release|x86
	EndGlobalSection
	GlobalSection(ProjectConfigurationPlatforms) = postSolution
		{70633C67-7F69-4488-B049-205E7DC49888}.Debug|x64.ActiveCfg = Debug|x64
		{70633C67-7F69-4488-B049-205E7DC49888}.Debug|x64.Build.0 = Debug|x64
		{70633C67-7F69-4488-B049-205E7DC49888}.Debug|x86.ActiveCfg = Debug|Win32
		{70633C67-7F69-4488-B049-205E7DC49888}.Debug|x86.Build.0 = Debug|Win32
		{70633C67-7F69-4488-B049-205E7DC49888}.Release|x64.ActiveCfg = Release|x64
		{70633C67-7F69-4488-B049-205E7DC49888}.Release|x64.Build.0 = Release|x64
		{70633C67-7F69-4488-B049-205E7DC49888}.Release|x86.ActiveCfg = Release|Win32
		{70633C67-7F69-4488-B049-205E7DC49888}.Release|x86.Build.0 = Release|Win32
	EndGlobalSection
	GlobalSection(SolutionProperties) = preSolution
		HideSolutionNode = FALSE
	EndGlobalSection
	GlobalSection(ExtensibilityGlobals) = postSolution
		SolutionGuid = {5C48D90D-2935-484A-9722-4F7BD9BFE0F7}
	EndGlobalSection
EndGlobal
